
Microsoft Visual Studio Solution File, Format Version 12.00
# Visual Studio Version 16
VisualStudioVersion = 16.0.31702.278
MinimumVisualStudioVersion = 10.0.40219.1
Project("{9A19103F-16F7-4668-BE54-9A1E7A4F7556}") = "MKR-TRY2", "MKR-TRY2\MKR-TRY2.csproj", "{D5EBE808-259D-4CFF-AC23-51EB5973EAF0}"
EndProject
Project("{9A19103F-16F7-4668-BE54-9A1E7A4F7556}") = "Task1", "Task1\Task1.csproj", "{AB7644B3-AF3B-4D17-B038-8BA47EA2A3A3}"
EndProject
Global
	GlobalSection(SolutionConfigurationPlatforms) = preSolution
		Debug|Any CPU = Debug|Any CPU
		Release|Any CPU = Release|Any CPU
	EndGlobalSection
	GlobalSection(ProjectConfigurationPlatforms) = postSolution
		{D5EBE808-259D-4CFF-AC23-51EB5973EAF0}.Debug|Any CPU.ActiveCfg = Debug|Any CPU
		{D5EBE808-259D-4CFF-AC23-51EB5973EAF0}.Debug|Any CPU.Build.0 = Debug|Any CPU
		{D5EBE808-259D-4CFF-AC23-51EB5973EAF0}.Release|Any CPU.ActiveCfg = Release|Any CPU
		{D5EBE808-259D-4CFF-AC23-51EB5973EAF0}.Release|Any CPU.Build.0 = Release|Any CPU
		{AB7644B3-AF3B-4D17-B038-8BA47EA2A3A3}.Debug|Any CPU.ActiveCfg = Debug|Any CPU
		{AB7644B3-AF3B-4D17-B038-8BA47EA2A3A3}.Debug|Any CPU.Build.0 = Debug|Any CPU
		{AB7644B3-AF3B-4D17-B038-8BA47EA2A3A3}.Release|Any CPU.ActiveCfg = Release|Any CPU
		{AB7644B3-AF3B-4D17-B038-8BA47EA2A3A3}.Release|Any CPU.Build.0 = Release|Any CPU
	EndGlobalSection
	GlobalSection(SolutionProperties) = preSolution
		HideSolutionNode = FALSE
	EndGlobalSection
	GlobalSection(ExtensibilityGlobals) = postSolution
		SolutionGuid = {5F0DDB39-AD8E-4FFF-A411-963B42A43B47}
	EndGlobalSection
EndGlobal
